
Microsoft Visual Studio Solution File, Format Version 12.00
# Visual Studio 15
VisualStudioVersion = 15.0.27428.2015
MinimumVisualStudioVersion = 10.0.40219.1
Project("{FAE04EC0-301F-11D3-BF4B-00C04F79EFBC}") = "HW1", "HW1.csproj", "{2CA087EC-55EA-4DC3-8B17-41895FA500A1}"
EndProject
Global
	GlobalSection(SolutionConfigurationPlatforms) = preSolution
		Debug|Any CPU = Debug|Any CPU
		Release|Any CPU = Release|Any CPU
	EndGlobalSection
	GlobalSection(ProjectConfigurationPlatforms) = postSolution
		{2CA087EC-55EA-4DC3-8B17-41895FA500A1}.Debug|Any CPU.ActiveCfg = Debug|Any CPU
		{2CA087EC-55EA-4DC3-8B17-41895FA500A1}.Debug|Any CPU.Build.0 = Debug|Any CPU
		{2CA087EC-55EA-4DC3-8B17-41895FA500A1}.Release|Any CPU.ActiveCfg = Release|Any CPU
		{2CA087EC-55EA-4DC3-8B17-41895FA500A1}.Release|Any CPU.Build.0 = Release|Any CPU
	EndGlobalSection
	GlobalSection(SolutionProperties) = preSolution
		HideSolutionNode = FALSE
	EndGlobalSection
	GlobalSection(ExtensibilityGlobals) = postSolution
		SolutionGuid = {BC35F366-B5EC-486E-B637-C5159FACD760}
	EndGlobalSection
EndGlobal
