
Microsoft Visual Studio Solution File, Format Version 12.00
# Visual Studio 15
VisualStudioVersion = 15.0.27428.2015
MinimumVisualStudioVersion = 10.0.40219.1
Project("{FAE04EC0-301F-11D3-BF4B-00C04F79EFBC}") = "HW2", "HW2.csproj", "{DC0F5F04-26F7-4ACE-B7D4-5205B6CEF089}"
EndProject
Global
	GlobalSection(SolutionConfigurationPlatforms) = preSolution
		Debug|Any CPU = Debug|Any CPU
		Release|Any CPU = Release|Any CPU
	EndGlobalSection
	GlobalSection(ProjectConfigurationPlatforms) = postSolution
		{DC0F5F04-26F7-4ACE-B7D4-5205B6CEF089}.Debug|Any CPU.ActiveCfg = Debug|Any CPU
		{DC0F5F04-26F7-4ACE-B7D4-5205B6CEF089}.Debug|Any CPU.Build.0 = Debug|Any CPU
		{DC0F5F04-26F7-4ACE-B7D4-5205B6CEF089}.Release|Any CPU.ActiveCfg = Release|Any CPU
		{DC0F5F04-26F7-4ACE-B7D4-5205B6CEF089}.Release|Any CPU.Build.0 = Release|Any CPU
	EndGlobalSection
	GlobalSection(SolutionProperties) = preSolution
		HideSolutionNode = FALSE
	EndGlobalSection
	GlobalSection(ExtensibilityGlobals) = postSolution
		SolutionGuid = {F058C1A4-CBD1-455A-A5F0-87AB8E254254}
	EndGlobalSection
EndGlobal
